
Microsoft Visual Studio Solution File, Format Version 12.00
# Visual Studio 15
VisualStudioVersion = 15.0.28307.705
MinimumVisualStudioVersion = 10.0.40219.1
Project("{FAE04EC0-301F-11D3-BF4B-00C04F79EFBC}") = "SistRebanho.Model", "SistRebanho.Model\SistRebanho.Model.csproj", "{B0E4809E-1B57-4CE6-8E27-FB5033C69C1A}"
EndProject
Project("{FAE04EC0-301F-11D3-BF4B-00C04F79EFBC}") = "SistRebanho.Control", "SistRebanho.Control\SistRebanho.Control.csproj", "{3780FF2F-BDAA-4B2F-9C33-26AEAA662725}"
EndProject
Project("{FAE04EC0-301F-11D3-BF4B-00C04F79EFBC}") = "SistRebanho.View", "SistRebanho.View\SistRebanho.View.csproj", "{75128700-5AD4-4C8D-87CE-FDFE28932986}"
EndProject
Global
	GlobalSection(SolutionConfigurationPlatforms) = preSolution
		Debug|Any CPU = Debug|Any CPU
		Release|Any CPU = Release|Any CPU
	EndGlobalSection
	GlobalSection(ProjectConfigurationPlatforms) = postSolution
		{B0E4809E-1B57-4CE6-8E27-FB5033C69C1A}.Debug|Any CPU.ActiveCfg = Debug|Any CPU
		{B0E4809E-1B57-4CE6-8E27-FB5033C69C1A}.Debug|Any CPU.Build.0 = Debug|Any CPU
		{B0E4809E-1B57-4CE6-8E27-FB5033C69C1A}.Release|Any CPU.ActiveCfg = Release|Any CPU
		{B0E4809E-1B57-4CE6-8E27-FB5033C69C1A}.Release|Any CPU.Build.0 = Release|Any CPU
		{3780FF2F-BDAA-4B2F-9C33-26AEAA662725}.Debug|Any CPU.ActiveCfg = Debug|Any CPU
		{3780FF2F-BDAA-4B2F-9C33-26AEAA662725}.Debug|Any CPU.Build.0 = Debug|Any CPU
		{3780FF2F-BDAA-4B2F-9C33-26AEAA662725}.Release|Any CPU.ActiveCfg = Release|Any CPU
		{3780FF2F-BDAA-4B2F-9C33-26AEAA662725}.Release|Any CPU.Build.0 = Release|Any CPU
		{75128700-5AD4-4C8D-87CE-FDFE28932986}.Debug|Any CPU.ActiveCfg = Debug|Any CPU
		{75128700-5AD4-4C8D-87CE-FDFE28932986}.Debug|Any CPU.Build.0 = Debug|Any CPU
		{75128700-5AD4-4C8D-87CE-FDFE28932986}.Release|Any CPU.ActiveCfg = Release|Any CPU
		{75128700-5AD4-4C8D-87CE-FDFE28932986}.Release|Any CPU.Build.0 = Release|Any CPU
	EndGlobalSection
	GlobalSection(SolutionProperties) = preSolution
		HideSolutionNode = FALSE
	EndGlobalSection
	GlobalSection(ExtensibilityGlobals) = postSolution
		SolutionGuid = {A36F8FA9-3496-47C2-98C6-5907896917B5}
	EndGlobalSection
EndGlobal
